<?xml version="1.0" encoding="utf-8"?>
<Project ToolsVersion="4.0" xmlns="http://schemas.microsoft.com/developer/msbuild/2003">
  <ItemGroup>
    <Filter Include="소스 파일">
      <UniqueIdentifier>{4FC737F1-C7A5-4376-A066-2A32D752A2FF}</UniqueIdentifier>
      <Extensions>cpp;c;cc;cxx;c++;cppm;ixx;def;odl;idl;hpj;bat;asm;asmx</Extensions>
    </Filter>
    <Filter Include="헤더 파일">
      <UniqueIdentifier>{93995380-89BD-4b04-88EB-625FBE52EBFB}</UniqueIdentifier>
      <Extensions>h;hh;hpp;hxx;h++;hm;inl;inc;ipp;xsd</Extensions>
    </Filter>
    <Filter Include="리소스 파일">
      <UniqueIdentifier>{67DA6AB6-F800-4c08-8B7A-83BB121AAD01}</UniqueIdentifier>
      <Extensions>rc;ico;cur;bmp;dlg;rc2;rct;bin;rgs;gif;jpg;jpeg;jpe;resx;tiff;tif;png;wav;mfcribbon-ms</Extensions>
    </Filter>
    <Filter Include="소스 파일\Sort">
      <UniqueIdentifier>{7a420a2c-9ebf-4887-b8bd-538fd400d1e8}</UniqueIdentifier>
    </Filter>
    <Filter Include="소스 파일\dnc">
      <UniqueIdentifier>{6bc56af6-6a2e-451a-856e-48204fe20f32}</UniqueIdentifier>
    </Filter>
    <Filter Include="소스 파일\dnc\quick">
      <UniqueIdentifier>{46cda600-ce96-48f3-bfee-15073269a08a}</UniqueIdentifier>
    </Filter>
    <Filter Include="소스 파일\dnc\merge">
      <UniqueIdentifier>{0c47a8ce-b8e3-4dbb-b094-78dcf0ab6c48}</UniqueIdentifier>
    </Filter>
  </ItemGroup>
  <ItemGroup>
    <ClCompile Include="Select.cpp">
      <Filter>소스 파일\Sort</Filter>
    </ClCompile>
    <ClCompile Include="quick.cpp">
      <Filter>소스 파일\dnc\quick</Filter>
    </ClCompile>
    <ClCompile Include="merge.cpp">
      <Filter>소스 파일\dnc\merge</Filter>
    </ClCompile>
  </ItemGroup>
</Project>